<?xml version="1.0" encoding="UTF-8" standalone="yes" ?>
<CodeBlocks_project_file>
	<FileVersion major="1" minor="6" />
	<Project>
		<Option title="SoluGrafiikalla" />
		<Option pch_mode="2" />
		<Option compiler="gcc" />
		<Build>
			<Target title="Debug">
				<Option output="bin/Debug/SoluGrafiikalla" prefix_auto="1" extension_auto="1" />
				<Option object_output="obj/Debug/" />
				<Option type="0" />
				<Option compiler="gcc" />
				<Compiler>
					<Add option="-std=c++11" />
					<Add option="-g" />
				</Compiler>
				<Linker>
					<Add library="T:\Program Files\CodeBlocks\MinGW\lib\libSDL.dll.a" />
					<Add library="T:\Program Files\CodeBlocks\MinGW\lib\libSDLmain.a" />
					<Add library="T:\Program Files\CodeBlocks\MinGW\lib\libmingw32.a" />
				</Linker>
			</Target>
			<Target title="Release">
				<Option output="bin/Release/SoluGrafiikalla" prefix_auto="1" extension_auto="1" />
				<Option object_output="obj/Release/" />
				<Option type="0" />
				<Option compiler="gcc" />
				<Compiler>
					<Add option="-O2" />
					<Add option="-std=c++11" />
				</Compiler>
				<Linker>
					<Add option="-s" />
				</Linker>
			</Target>
		</Build>
		<Compiler>
			<Add option="-std=c++11" />
			<Add option="-Wall" />
			<Add option="-fexceptions" />
			<Add directory="T:/SDL/SDL-devel-1.2.15-mingw32/SDL-1.2.15/include" />
		</Compiler>
		<Linker>
			<Add library="mingw32" />
			<Add library="SDL.dll" />
			<Add library="SDLmain" />
			<Add library="user32" />
			<Add library="gdi32" />
			<Add library="winmm" />
			<Add library="dxguid" />
			<Add directory="T:/SDL/SDL2-2.0.3/i686-w64-mingw32/lib" />
		</Linker>
		<Unit filename="Critter.cpp" />
		<Unit filename="Critter.h" />
		<Unit filename="World.cpp" />
		<Unit filename="World.h" />
		<Unit filename="const.h" />
		<Unit filename="graphics.cpp" />
		<Unit filename="graphics.h" />
		<Unit filename="loopProgram.cpp" />
		<Unit filename="loopProgram.h" />
		<Unit filename="main.cpp" />
		<Extensions>
			<code_completion />
			<envvars />
			<debugger />
			<lib_finder disable_auto="1" />
		</Extensions>
	</Project>
</CodeBlocks_project_file>
